
Microsoft Visual Studio Solution File, Format Version 12.00
# Visual Studio Version 17
VisualStudioVersion = 17.2.32616.157
MinimumVisualStudioVersion = 10.0.40219.1
Project("{FAE04EC0-301F-11D3-BF4B-00C04F79EFBC}") = "UserLoginProjectMVC", "UserLoginProjectMVC\UserLoginProjectMVC.csproj", "{B11452FD-954A-4EC8-AB11-F290EBF36103}"
EndProject
Global
	GlobalSection(SolutionConfigurationPlatforms) = preSolution
		Debug|Any CPU = Debug|Any CPU
		Release|Any CPU = Release|Any CPU
	EndGlobalSection
	GlobalSection(ProjectConfigurationPlatforms) = postSolution
		{B11452FD-954A-4EC8-AB11-F290EBF36103}.Debug|Any CPU.ActiveCfg = Debug|Any CPU
		{B11452FD-954A-4EC8-AB11-F290EBF36103}.Debug|Any CPU.Build.0 = Debug|Any CPU
		{B11452FD-954A-4EC8-AB11-F290EBF36103}.Release|Any CPU.ActiveCfg = Release|Any CPU
		{B11452FD-954A-4EC8-AB11-F290EBF36103}.Release|Any CPU.Build.0 = Release|Any CPU
	EndGlobalSection
	GlobalSection(SolutionProperties) = preSolution
		HideSolutionNode = FALSE
	EndGlobalSection
	GlobalSection(ExtensibilityGlobals) = postSolution
		SolutionGuid = {67C97FAC-C534-46B5-B52D-32751F621EEC}
	EndGlobalSection
EndGlobal
